
Microsoft Visual Studio Solution File, Format Version 12.00
# Visual Studio Version 17
VisualStudioVersion = 17.13.35825.156
MinimumVisualStudioVersion = 10.0.40219.1
Project("{FAE04EC0-301F-11D3-BF4B-00C04F79EFBC}") = "BookShop.API", "BookShop.API\BookShop.API.csproj", "{C95E3D17-2394-4E4E-9C26-C63C47C878AF}"
EndProject
Project("{FAE04EC0-301F-11D3-BF4B-00C04F79EFBC}") = "BookShop.Core", "BookShop.Core\BookShop.Core.csproj", "{47D19D4E-32FB-46C4-E682-F88419E0802E}"
EndProject
Project("{FAE04EC0-301F-11D3-BF4B-00C04F79EFBC}") = "BookShop.DataAccess", "BookShop.DataAccess\BookShop.DataAccess.csproj", "{07C56FB6-ACEF-E8F2-1A63-7E3EAF06AC0C}"
EndProject
Global
	GlobalSection(SolutionConfigurationPlatforms) = preSolution
		Debug|Any CPU = Debug|Any CPU
		Release|Any CPU = Release|Any CPU
	EndGlobalSection
	GlobalSection(ProjectConfigurationPlatforms) = postSolution
		{C95E3D17-2394-4E4E-9C26-C63C47C878AF}.Debug|Any CPU.ActiveCfg = Debug|Any CPU
		{C95E3D17-2394-4E4E-9C26-C63C47C878AF}.Debug|Any CPU.Build.0 = Debug|Any CPU
		{C95E3D17-2394-4E4E-9C26-C63C47C878AF}.Release|Any CPU.ActiveCfg = Release|Any CPU
		{C95E3D17-2394-4E4E-9C26-C63C47C878AF}.Release|Any CPU.Build.0 = Release|Any CPU
		{47D19D4E-32FB-46C4-E682-F88419E0802E}.Debug|Any CPU.ActiveCfg = Debug|Any CPU
		{47D19D4E-32FB-46C4-E682-F88419E0802E}.Debug|Any CPU.Build.0 = Debug|Any CPU
		{47D19D4E-32FB-46C4-E682-F88419E0802E}.Release|Any CPU.ActiveCfg = Release|Any CPU
		{47D19D4E-32FB-46C4-E682-F88419E0802E}.Release|Any CPU.Build.0 = Release|Any CPU
		{07C56FB6-ACEF-E8F2-1A63-7E3EAF06AC0C}.Debug|Any CPU.ActiveCfg = Debug|Any CPU
		{07C56FB6-ACEF-E8F2-1A63-7E3EAF06AC0C}.Debug|Any CPU.Build.0 = Debug|Any CPU
		{07C56FB6-ACEF-E8F2-1A63-7E3EAF06AC0C}.Release|Any CPU.ActiveCfg = Release|Any CPU
		{07C56FB6-ACEF-E8F2-1A63-7E3EAF06AC0C}.Release|Any CPU.Build.0 = Release|Any CPU
	EndGlobalSection
	GlobalSection(SolutionProperties) = preSolution
		HideSolutionNode = FALSE
	EndGlobalSection
	GlobalSection(ExtensibilityGlobals) = postSolution
		SolutionGuid = {8149A5E8-B25F-4CC1-9857-A8E4586F99AE}
	EndGlobalSection
EndGlobal
